
Microsoft Visual Studio Solution File, Format Version 12.00
# Visual Studio Version 16
VisualStudioVersion = 16.0.30517.126
MinimumVisualStudioVersion = 10.0.40219.1
Project("{9A19103F-16F7-4668-BE54-9A1E7A4F7556}") = "CinemaService.DataLayer", "DataLayer\CinemaService.DataLayer.csproj", "{6916E761-6EFB-4355-A01D-6E970580BB31}"
EndProject
Project("{9A19103F-16F7-4668-BE54-9A1E7A4F7556}") = "CinemaService.Web.Api", "Web.Api\CinemaService.Web.Api.csproj", "{8F6BDDC1-C3EB-401E-8BD1-E3EE717B2BC8}"
EndProject
Project("{9A19103F-16F7-4668-BE54-9A1E7A4F7556}") = "CinemaService.Web.Api.Library", "Web.Api.Library\CinemaService.Web.Api.Library.csproj", "{12F59899-FE85-4944-9A51-0F61987576E9}"
EndProject
Global
	GlobalSection(SolutionConfigurationPlatforms) = preSolution
		Debug|Any CPU = Debug|Any CPU
		Release|Any CPU = Release|Any CPU
	EndGlobalSection
	GlobalSection(ProjectConfigurationPlatforms) = postSolution
		{6916E761-6EFB-4355-A01D-6E970580BB31}.Debug|Any CPU.ActiveCfg = Debug|Any CPU
		{6916E761-6EFB-4355-A01D-6E970580BB31}.Debug|Any CPU.Build.0 = Debug|Any CPU
		{6916E761-6EFB-4355-A01D-6E970580BB31}.Release|Any CPU.ActiveCfg = Release|Any CPU
		{6916E761-6EFB-4355-A01D-6E970580BB31}.Release|Any CPU.Build.0 = Release|Any CPU
		{8F6BDDC1-C3EB-401E-8BD1-E3EE717B2BC8}.Debug|Any CPU.ActiveCfg = Debug|Any CPU
		{8F6BDDC1-C3EB-401E-8BD1-E3EE717B2BC8}.Debug|Any CPU.Build.0 = Debug|Any CPU
		{8F6BDDC1-C3EB-401E-8BD1-E3EE717B2BC8}.Release|Any CPU.ActiveCfg = Release|Any CPU
		{8F6BDDC1-C3EB-401E-8BD1-E3EE717B2BC8}.Release|Any CPU.Build.0 = Release|Any CPU
		{12F59899-FE85-4944-9A51-0F61987576E9}.Debug|Any CPU.ActiveCfg = Debug|Any CPU
		{12F59899-FE85-4944-9A51-0F61987576E9}.Debug|Any CPU.Build.0 = Debug|Any CPU
		{12F59899-FE85-4944-9A51-0F61987576E9}.Release|Any CPU.ActiveCfg = Release|Any CPU
		{12F59899-FE85-4944-9A51-0F61987576E9}.Release|Any CPU.Build.0 = Release|Any CPU
	EndGlobalSection
	GlobalSection(SolutionProperties) = preSolution
		HideSolutionNode = FALSE
	EndGlobalSection
	GlobalSection(ExtensibilityGlobals) = postSolution
		SolutionGuid = {9F97B300-900E-43B3-A119-7C8118174C8E}
	EndGlobalSection
EndGlobal
